
Microsoft Visual Studio Solution File, Format Version 12.00
# Visual Studio 15
VisualStudioVersion = 15.0.28307.572
MinimumVisualStudioVersion = 10.0.40219.1
Project("{FAE04EC0-301F-11D3-BF4B-00C04F79EFBC}") = "Events", "Events\Events.csproj", "{FA451ED5-BF53-4EEF-867E-0AA45B22ADD4}"
EndProject
Global
	GlobalSection(SolutionConfigurationPlatforms) = preSolution
		Debug|Any CPU = Debug|Any CPU
		Release|Any CPU = Release|Any CPU
	EndGlobalSection
	GlobalSection(ProjectConfigurationPlatforms) = postSolution
		{FA451ED5-BF53-4EEF-867E-0AA45B22ADD4}.Debug|Any CPU.ActiveCfg = Debug|Any CPU
		{FA451ED5-BF53-4EEF-867E-0AA45B22ADD4}.Debug|Any CPU.Build.0 = Debug|Any CPU
		{FA451ED5-BF53-4EEF-867E-0AA45B22ADD4}.Release|Any CPU.ActiveCfg = Release|Any CPU
		{FA451ED5-BF53-4EEF-867E-0AA45B22ADD4}.Release|Any CPU.Build.0 = Release|Any CPU
	EndGlobalSection
	GlobalSection(SolutionProperties) = preSolution
		HideSolutionNode = FALSE
	EndGlobalSection
	GlobalSection(ExtensibilityGlobals) = postSolution
		SolutionGuid = {FC928D44-4659-431C-A9A9-3C12D6BDF5C4}
	EndGlobalSection
EndGlobal
